// !$*UTF8*$!
{
	archiveVersion = 1;
	classes = {
	};
	objectVersion = 50;
	objects = {

/* Begin PBXBuildFile section */
		643F12E1CE25D8CB81E794B9 /* Pods_MyFridgeTests.framework in Frameworks */ = {isa = PBXBuildFile; fileRef = 727B961CAEB4A53865B62D61 /* Pods_MyFridgeTests.framework */; };
		75357915EA747D7523AD1572 /* Pods_MyFridgeUITests.framework in Frameworks */ = {isa = PBXBuildFile; fileRef = 8C82EF2B4364578EFCCC61DB /* Pods_MyFridgeUITests.framework */; };
		D19F3EB8B749E12BB2A83FE3 /* Pods_MyFridge.framework in Frameworks */ = {isa = PBXBuildFile; fileRef = FCBC0B1466F20F5826108C2E /* Pods_MyFridge.framework */; };
		EF31DC7D20C1D28100766767 /* AppDelegate.swift in Sources */ = {isa = PBXBuildFile; fileRef = EF31DC7C20C1D28100766767 /* AppDelegate.swift */; };
		EF31DC8220C1D28100766767 /* Main.storyboard in Resources */ = {isa = PBXBuildFile; fileRef = EF31DC8020C1D28100766767 /* Main.storyboard */; };
		EF31DC8420C1D28200766767 /* Assets.xcassets in Resources */ = {isa = PBXBuildFile; fileRef = EF31DC8320C1D28200766767 /* Assets.xcassets */; };
		EF31DC8720C1D28200766767 /* LaunchScreen.storyboard in Resources */ = {isa = PBXBuildFile; fileRef = EF31DC8520C1D28200766767 /* LaunchScreen.storyboard */; };
		EF31DC9220C1D28200766767 /* MyFridgeTests.swift in Sources */ = {isa = PBXBuildFile; fileRef = EF31DC9120C1D28200766767 /* MyFridgeTests.swift */; };
		EF31DC9D20C1D28200766767 /* MyFridgeUITests.swift in Sources */ = {isa = PBXBuildFile; fileRef = EF31DC9C20C1D28200766767 /* MyFridgeUITests.swift */; };
		EF31DCC420C1DD2E00766767 /* ScanBarcodePresenter.swift in Sources */ = {isa = PBXBuildFile; fileRef = EF31DCBE20C1DD2E00766767 /* ScanBarcodePresenter.swift */; };
		EF31DCC520C1DD2E00766767 /* ScanBarcodeWorker.swift in Sources */ = {isa = PBXBuildFile; fileRef = EF31DCBF20C1DD2E00766767 /* ScanBarcodeWorker.swift */; };
		EF31DCC620C1DD2E00766767 /* ScanBarcodeRouter.swift in Sources */ = {isa = PBXBuildFile; fileRef = EF31DCC020C1DD2E00766767 /* ScanBarcodeRouter.swift */; };
		EF31DCC720C1DD2E00766767 /* ScanBarcodeModels.swift in Sources */ = {isa = PBXBuildFile; fileRef = EF31DCC120C1DD2E00766767 /* ScanBarcodeModels.swift */; };
		EF31DCC820C1DD2E00766767 /* ScanBarcodeViewController.swift in Sources */ = {isa = PBXBuildFile; fileRef = EF31DCC220C1DD2E00766767 /* ScanBarcodeViewController.swift */; };
		EF31DCC920C1DD2E00766767 /* ScanBarcodeInteractor.swift in Sources */ = {isa = PBXBuildFile; fileRef = EF31DCC320C1DD2E00766767 /* ScanBarcodeInteractor.swift */; };
		EF70A9B320C28AFE00BF00D2 /* GoogleService-Info.plist in Resources */ = {isa = PBXBuildFile; fileRef = EF70A9B220C28AFE00BF00D2 /* GoogleService-Info.plist */; };
/* End PBXBuildFile section */

/* Begin PBXContainerItemProxy section */
		EF31DC8E20C1D28200766767 /* PBXContainerItemProxy */ = {
			isa = PBXContainerItemProxy;
			containerPortal = EF31DC7120C1D28100766767 /* Project object */;
			proxyType = 1;
			remoteGlobalIDString = EF31DC7820C1D28100766767;
			remoteInfo = MyFridge;
		};
		EF31DC9920C1D28200766767 /* PBXContainerItemProxy */ = {
			isa = PBXContainerItemProxy;
			containerPortal = EF31DC7120C1D28100766767 /* Project object */;
			proxyType = 1;
			remoteGlobalIDString = EF31DC7820C1D28100766767;
			remoteInfo = MyFridge;
		};
/* End PBXContainerItemProxy section */

/* Begin PBXFileReference section */
		0D0D2945A420354514D041A2 /* Pods-MyFridgeTests.release.xcconfig */ = {isa = PBXFileReference; includeInIndex = 1; lastKnownFileType = text.xcconfig; name = "Pods-MyFridgeTests.release.xcconfig"; path = "Pods/Target Support Files/Pods-MyFridgeTests/Pods-MyFridgeTests.release.xcconfig"; sourceTree = "<group>"; };
		46208F05F2545EB333D0BD15 /* Pods-MyFridgeUITests.debug.xcconfig */ = {isa = PBXFileReference; includeInIndex = 1; lastKnownFileType = text.xcconfig; name = "Pods-MyFridgeUITests.debug.xcconfig"; path = "Pods/Target Support Files/Pods-MyFridgeUITests/Pods-MyFridgeUITests.debug.xcconfig"; sourceTree = "<group>"; };
		492902BFF89FE76DF49B49BA /* Pods-MyFridge.release.xcconfig */ = {isa = PBXFileReference; includeInIndex = 1; lastKnownFileType = text.xcconfig; name = "Pods-MyFridge.release.xcconfig"; path = "Pods/Target Support Files/Pods-MyFridge/Pods-MyFridge.release.xcconfig"; sourceTree = "<group>"; };
		4DAD4482582A02ECCB986B56 /* Pods-MyFridgeUITests.release.xcconfig */ = {isa = PBXFileReference; includeInIndex = 1; lastKnownFileType = text.xcconfig; name = "Pods-MyFridgeUITests.release.xcconfig"; path = "Pods/Target Support Files/Pods-MyFridgeUITests/Pods-MyFridgeUITests.release.xcconfig"; sourceTree = "<group>"; };
		727B961CAEB4A53865B62D61 /* Pods_MyFridgeTests.framework */ = {isa = PBXFileReference; explicitFileType = wrapper.framework; includeInIndex = 0; path = Pods_MyFridgeTests.framework; sourceTree = BUILT_PRODUCTS_DIR; };
		8C82EF2B4364578EFCCC61DB /* Pods_MyFridgeUITests.framework */ = {isa = PBXFileReference; explicitFileType = wrapper.framework; includeInIndex = 0; path = Pods_MyFridgeUITests.framework; sourceTree = BUILT_PRODUCTS_DIR; };
		9A41228F31AC6E6622D853F6 /* Pods-MyFridgeTests.debug.xcconfig */ = {isa = PBXFileReference; includeInIndex = 1; lastKnownFileType = text.xcconfig; name = "Pods-MyFridgeTests.debug.xcconfig"; path = "Pods/Target Support Files/Pods-MyFridgeTests/Pods-MyFridgeTests.debug.xcconfig"; sourceTree = "<group>"; };
		E74C798251D242392EF3BB6D /* Pods-MyFridge.debug.xcconfig */ = {isa = PBXFileReference; includeInIndex = 1; lastKnownFileType = text.xcconfig; name = "Pods-MyFridge.debug.xcconfig"; path = "Pods/Target Support Files/Pods-MyFridge/Pods-MyFridge.debug.xcconfig"; sourceTree = "<group>"; };
		EF31DC7920C1D28100766767 /* MyFridge.app */ = {isa = PBXFileReference; explicitFileType = wrapper.application; includeInIndex = 0; path = MyFridge.app; sourceTree = BUILT_PRODUCTS_DIR; };
		EF31DC7C20C1D28100766767 /* AppDelegate.swift */ = {isa = PBXFileReference; lastKnownFileType = sourcecode.swift; path = AppDelegate.swift; sourceTree = "<group>"; };
		EF31DC8120C1D28100766767 /* Base */ = {isa = PBXFileReference; lastKnownFileType = file.storyboard; name = Base; path = Base.lproj/Main.storyboard; sourceTree = "<group>"; };
		EF31DC8320C1D28200766767 /* Assets.xcassets */ = {isa = PBXFileReference; lastKnownFileType = folder.assetcatalog; path = Assets.xcassets; sourceTree = "<group>"; };
		EF31DC8620C1D28200766767 /* Base */ = {isa = PBXFileReference; lastKnownFileType = file.storyboard; name = Base; path = Base.lproj/LaunchScreen.storyboard; sourceTree = "<group>"; };
		EF31DC8820C1D28200766767 /* Info.plist */ = {isa = PBXFileReference; lastKnownFileType = text.plist.xml; path = Info.plist; sourceTree = "<group>"; };
		EF31DC8D20C1D28200766767 /* MyFridgeTests.xctest */ = {isa = PBXFileReference; explicitFileType = wrapper.cfbundle; includeInIndex = 0; path = MyFridgeTests.xctest; sourceTree = BUILT_PRODUCTS_DIR; };
		EF31DC9120C1D28200766767 /* MyFridgeTests.swift */ = {isa = PBXFileReference; lastKnownFileType = sourcecode.swift; path = MyFridgeTests.swift; sourceTree = "<group>"; };
		EF31DC9320C1D28200766767 /* Info.plist */ = {isa = PBXFileReference; lastKnownFileType = text.plist.xml; path = Info.plist; sourceTree = "<group>"; };
		EF31DC9820C1D28200766767 /* MyFridgeUITests.xctest */ = {isa = PBXFileReference; explicitFileType = wrapper.cfbundle; includeInIndex = 0; path = MyFridgeUITests.xctest; sourceTree = BUILT_PRODUCTS_DIR; };
		EF31DC9C20C1D28200766767 /* MyFridgeUITests.swift */ = {isa = PBXFileReference; lastKnownFileType = sourcecode.swift; path = MyFridgeUITests.swift; sourceTree = "<group>"; };
		EF31DC9E20C1D28200766767 /* Info.plist */ = {isa = PBXFileReference; lastKnownFileType = text.plist.xml; path = Info.plist; sourceTree = "<group>"; };
		EF31DCBE20C1DD2E00766767 /* ScanBarcodePresenter.swift */ = {isa = PBXFileReference; lastKnownFileType = sourcecode.swift; path = ScanBarcodePresenter.swift; sourceTree = "<group>"; };
		EF31DCBF20C1DD2E00766767 /* ScanBarcodeWorker.swift */ = {isa = PBXFileReference; lastKnownFileType = sourcecode.swift; path = ScanBarcodeWorker.swift; sourceTree = "<group>"; };
		EF31DCC020C1DD2E00766767 /* ScanBarcodeRouter.swift */ = {isa = PBXFileReference; lastKnownFileType = sourcecode.swift; path = ScanBarcodeRouter.swift; sourceTree = "<group>"; };
		EF31DCC120C1DD2E00766767 /* ScanBarcodeModels.swift */ = {isa = PBXFileReference; lastKnownFileType = sourcecode.swift; path = ScanBarcodeModels.swift; sourceTree = "<group>"; };
		EF31DCC220C1DD2E00766767 /* ScanBarcodeViewController.swift */ = {isa = PBXFileReference; lastKnownFileType = sourcecode.swift; path = ScanBarcodeViewController.swift; sourceTree = "<group>"; };
		EF31DCC320C1DD2E00766767 /* ScanBarcodeInteractor.swift */ = {isa = PBXFileReference; lastKnownFileType = sourcecode.swift; path = ScanBarcodeInteractor.swift; sourceTree = "<group>"; };
		EF70A9B220C28AFE00BF00D2 /* GoogleService-Info.plist */ = {isa = PBXFileReference; fileEncoding = 4; lastKnownFileType = text.plist.xml; path = "GoogleService-Info.plist"; sourceTree = "<group>"; };
		FCBC0B1466F20F5826108C2E /* Pods_MyFridge.framework */ = {isa = PBXFileReference; explicitFileType = wrapper.framework; includeInIndex = 0; path = Pods_MyFridge.framework; sourceTree = BUILT_PRODUCTS_DIR; };
/* End PBXFileReference section */

/* Begin PBXFrameworksBuildPhase section */
		EF31DC7620C1D28100766767 /* Frameworks */ = {
			isa = PBXFrameworksBuildPhase;
			buildActionMask = 2147483647;
			files = (
				D19F3EB8B749E12BB2A83FE3 /* Pods_MyFridge.framework in Frameworks */,
			);
			runOnlyForDeploymentPostprocessing = 0;
		};
		EF31DC8A20C1D28200766767 /* Frameworks */ = {
			isa = PBXFrameworksBuildPhase;
			buildActionMask = 2147483647;
			files = (
				643F12E1CE25D8CB81E794B9 /* Pods_MyFridgeTests.framework in Frameworks */,
			);
			runOnlyForDeploymentPostprocessing = 0;
		};
		EF31DC9520C1D28200766767 /* Frameworks */ = {
			isa = PBXFrameworksBuildPhase;
			buildActionMask = 2147483647;
			files = (
				75357915EA747D7523AD1572 /* Pods_MyFridgeUITests.framework in Frameworks */,
			);
			runOnlyForDeploymentPostprocessing = 0;
		};
/* End PBXFrameworksBuildPhase section */

/* Begin PBXGroup section */
		45C545879D9FCFE8559F760B /* Pods */ = {
			isa = PBXGroup;
			children = (
				E74C798251D242392EF3BB6D /* Pods-MyFridge.debug.xcconfig */,
				492902BFF89FE76DF49B49BA /* Pods-MyFridge.release.xcconfig */,
				9A41228F31AC6E6622D853F6 /* Pods-MyFridgeTests.debug.xcconfig */,
				0D0D2945A420354514D041A2 /* Pods-MyFridgeTests.release.xcconfig */,
				46208F05F2545EB333D0BD15 /* Pods-MyFridgeUITests.debug.xcconfig */,
				4DAD4482582A02ECCB986B56 /* Pods-MyFridgeUITests.release.xcconfig */,
			);
			name = Pods;
			sourceTree = "<group>";
		};
		E1B2364534B09FA327B0894D /* Frameworks */ = {
			isa = PBXGroup;
			children = (
				FCBC0B1466F20F5826108C2E /* Pods_MyFridge.framework */,
				727B961CAEB4A53865B62D61 /* Pods_MyFridgeTests.framework */,
				8C82EF2B4364578EFCCC61DB /* Pods_MyFridgeUITests.framework */,
			);
			name = Frameworks;
			sourceTree = "<group>";
		};
		EF31DC7020C1D28100766767 = {
			isa = PBXGroup;
			children = (
				EF31DC7B20C1D28100766767 /* MyFridge */,
				EF31DC9020C1D28200766767 /* MyFridgeTests */,
				EF31DC9B20C1D28200766767 /* MyFridgeUITests */,
				EF31DC7A20C1D28100766767 /* Products */,
				45C545879D9FCFE8559F760B /* Pods */,
				E1B2364534B09FA327B0894D /* Frameworks */,
			);
			sourceTree = "<group>";
		};
		EF31DC7A20C1D28100766767 /* Products */ = {
			isa = PBXGroup;
			children = (
				EF31DC7920C1D28100766767 /* MyFridge.app */,
				EF31DC8D20C1D28200766767 /* MyFridgeTests.xctest */,
				EF31DC9820C1D28200766767 /* MyFridgeUITests.xctest */,
			);
			name = Products;
			sourceTree = "<group>";
		};
		EF31DC7B20C1D28100766767 /* MyFridge */ = {
			isa = PBXGroup;
			children = (
				EF70A9B220C28AFE00BF00D2 /* GoogleService-Info.plist */,
				EF31DCAC20C1D60E00766767 /* Models */,
				EF31DCAB20C1D60400766767 /* Services */,
				EF31DCAA20C1D5FD00766767 /* Scenes */,
				EF31DC7C20C1D28100766767 /* AppDelegate.swift */,
				EF31DC8020C1D28100766767 /* Main.storyboard */,
				EF31DC8320C1D28200766767 /* Assets.xcassets */,
				EF31DC8520C1D28200766767 /* LaunchScreen.storyboard */,
				EF31DC8820C1D28200766767 /* Info.plist */,
			);
			path = MyFridge;
			sourceTree = "<group>";
		};
		EF31DC9020C1D28200766767 /* MyFridgeTests */ = {
			isa = PBXGroup;
			children = (
				EF31DC9120C1D28200766767 /* MyFridgeTests.swift */,
				EF31DC9320C1D28200766767 /* Info.plist */,
			);
			path = MyFridgeTests;
			sourceTree = "<group>";
		};
		EF31DC9B20C1D28200766767 /* MyFridgeUITests */ = {
			isa = PBXGroup;
			children = (
				EF31DC9C20C1D28200766767 /* MyFridgeUITests.swift */,
				EF31DC9E20C1D28200766767 /* Info.plist */,
			);
			path = MyFridgeUITests;
			sourceTree = "<group>";
		};
		EF31DCAA20C1D5FD00766767 /* Scenes */ = {
			isa = PBXGroup;
			children = (
				EF31DCBD20C1DD1900766767 /* ScanBarcode */,
			);
			path = Scenes;
			sourceTree = "<group>";
		};
		EF31DCAB20C1D60400766767 /* Services */ = {
			isa = PBXGroup;
			children = (
			);
			path = Services;
			sourceTree = "<group>";
		};
		EF31DCAC20C1D60E00766767 /* Models */ = {
			isa = PBXGroup;
			children = (
			);
			path = Models;
			sourceTree = "<group>";
		};
		EF31DCBD20C1DD1900766767 /* ScanBarcode */ = {
			isa = PBXGroup;
			children = (
				EF31DCBE20C1DD2E00766767 /* ScanBarcodePresenter.swift */,
				EF31DCBF20C1DD2E00766767 /* ScanBarcodeWorker.swift */,
				EF31DCC020C1DD2E00766767 /* ScanBarcodeRouter.swift */,
				EF31DCC120C1DD2E00766767 /* ScanBarcodeModels.swift */,
				EF31DCC220C1DD2E00766767 /* ScanBarcodeViewController.swift */,
				EF31DCC320C1DD2E00766767 /* ScanBarcodeInteractor.swift */,
			);
			path = ScanBarcode;
			sourceTree = "<group>";
		};
/* End PBXGroup section */

/* Begin PBXNativeTarget section */
		EF31DC7820C1D28100766767 /* MyFridge */ = {
			isa = PBXNativeTarget;
			buildConfigurationList = EF31DCA120C1D28200766767 /* Build configuration list for PBXNativeTarget "MyFridge" */;
			buildPhases = (
				FFD0A7F9996253D63060F622 /* [CP] Check Pods Manifest.lock */,
				EF31DC7520C1D28100766767 /* Sources */,
				EF31DC7620C1D28100766767 /* Frameworks */,
				EF31DC7720C1D28100766767 /* Resources */,
				12D4BAA2753403E620064D19 /* [CP] Embed Pods Frameworks */,
			);
			buildRules = (
			);
			dependencies = (
			);
			name = MyFridge;
			productName = MyFridge;
			productReference = EF31DC7920C1D28100766767 /* MyFridge.app */;
			productType = "com.apple.product-type.application";
		};
		EF31DC8C20C1D28200766767 /* MyFridgeTests */ = {
			isa = PBXNativeTarget;
			buildConfigurationList = EF31DCA420C1D28200766767 /* Build configuration list for PBXNativeTarget "MyFridgeTests" */;
			buildPhases = (
				ADF008B228A8C17B6CA05B7B /* [CP] Check Pods Manifest.lock */,
				EF31DC8920C1D28200766767 /* Sources */,
				EF31DC8A20C1D28200766767 /* Frameworks */,
				EF31DC8B20C1D28200766767 /* Resources */,
			);
			buildRules = (
			);
			dependencies = (
				EF31DC8F20C1D28200766767 /* PBXTargetDependency */,
			);
			name = MyFridgeTests;
			productName = MyFridgeTests;
			productReference = EF31DC8D20C1D28200766767 /* MyFridgeTests.xctest */;
			productType = "com.apple.product-type.bundle.unit-test";
		};
		EF31DC9720C1D28200766767 /* MyFridgeUITests */ = {
			isa = PBXNativeTarget;
			buildConfigurationList = EF31DCA720C1D28200766767 /* Build configuration list for PBXNativeTarget "MyFridgeUITests" */;
			buildPhases = (
				8E26588AA72DB1A53896C06C /* [CP] Check Pods Manifest.lock */,
				EF31DC9420C1D28200766767 /* Sources */,
				EF31DC9520C1D28200766767 /* Frameworks */,
				EF31DC9620C1D28200766767 /* Resources */,
			);
			buildRules = (
			);
			dependencies = (
				EF31DC9A20C1D28200766767 /* PBXTargetDependency */,
			);
			name = MyFridgeUITests;
			productName = MyFridgeUITests;
			productReference = EF31DC9820C1D28200766767 /* MyFridgeUITests.xctest */;
			productType = "com.apple.product-type.bundle.ui-testing";
		};
/* End PBXNativeTarget section */

/* Begin PBXProject section */
		EF31DC7120C1D28100766767 /* Project object */ = {
			isa = PBXProject;
			attributes = {
				LastSwiftUpdateCheck = 0940;
				LastUpgradeCheck = 0940;
				ORGANIZATIONNAME = "Lars Dahl";
				TargetAttributes = {
					EF31DC7820C1D28100766767 = {
						CreatedOnToolsVersion = 9.4;
					};
					EF31DC8C20C1D28200766767 = {
						CreatedOnToolsVersion = 9.4;
						TestTargetID = EF31DC7820C1D28100766767;
					};
					EF31DC9720C1D28200766767 = {
						CreatedOnToolsVersion = 9.4;
						TestTargetID = EF31DC7820C1D28100766767;
					};
				};
			};
			buildConfigurationList = EF31DC7420C1D28100766767 /* Build configuration list for PBXProject "MyFridge" */;
			compatibilityVersion = "Xcode 9.3";
			developmentRegion = en;
			hasScannedForEncodings = 0;
			knownRegions = (
				en,
				Base,
			);
			mainGroup = EF31DC7020C1D28100766767;
			productRefGroup = EF31DC7A20C1D28100766767 /* Products */;
			projectDirPath = "";
			projectRoot = "";
			targets = (
				EF31DC7820C1D28100766767 /* MyFridge */,
				EF31DC8C20C1D28200766767 /* MyFridgeTests */,
				EF31DC9720C1D28200766767 /* MyFridgeUITests */,
			);
		};
/* End PBXProject section */

/* Begin PBXResourcesBuildPhase section */
		EF31DC7720C1D28100766767 /* Resources */ = {
			isa = PBXResourcesBuildPhase;
			buildActionMask = 2147483647;
			files = (
				EF31DC8720C1D28200766767 /* LaunchScreen.storyboard in Resources */,
				EF70A9B320C28AFE00BF00D2 /* GoogleService-Info.plist in Resources */,
				EF31DC8420C1D28200766767 /* Assets.xcassets in Resources */,
				EF31DC8220C1D28100766767 /* Main.storyboard in Resources */,
			);
			runOnlyForDeploymentPostprocessing = 0;
		};
		EF31DC8B20C1D28200766767 /* Resources */ = {
			isa = PBXResourcesBuildPhase;
			buildActionMask = 2147483647;
			files = (
			);
			runOnlyForDeploymentPostprocessing = 0;
		};
		EF31DC9620C1D28200766767 /* Resources */ = {
			isa = PBXResourcesBuildPhase;
			buildActionMask = 2147483647;
			files = (
			);
			runOnlyForDeploymentPostprocessing = 0;
		};
/* End PBXResourcesBuildPhase section */

/* Begin PBXShellScriptBuildPhase section */
		12D4BAA2753403E620064D19 /* [CP] Embed Pods Frameworks */ = {
			isa = PBXShellScriptBuildPhase;
			buildActionMask = 2147483647;
			files = (
			);
			inputPaths = (
				"${SRCROOT}/Pods/Target Support Files/Pods-MyFridge/Pods-MyFridge-frameworks.sh",
				"${BUILT_PRODUCTS_DIR}/GoogleToolboxForMac/GoogleToolboxForMac.framework",
				"${BUILT_PRODUCTS_DIR}/leveldb-library/leveldb.framework",
				"${BUILT_PRODUCTS_DIR}/nanopb/nanopb.framework",
			);
			name = "[CP] Embed Pods Frameworks";
			outputPaths = (
				"${TARGET_BUILD_DIR}/${FRAMEWORKS_FOLDER_PATH}/GoogleToolboxForMac.framework",
				"${TARGET_BUILD_DIR}/${FRAMEWORKS_FOLDER_PATH}/leveldb.framework",
				"${TARGET_BUILD_DIR}/${FRAMEWORKS_FOLDER_PATH}/nanopb.framework",
			);
			runOnlyForDeploymentPostprocessing = 0;
			shellPath = /bin/sh;
			shellScript = "\"${SRCROOT}/Pods/Target Support Files/Pods-MyFridge/Pods-MyFridge-frameworks.sh\"\n";
			showEnvVarsInLog = 0;
		};
		8E26588AA72DB1A53896C06C /* [CP] Check Pods Manifest.lock */ = {
			isa = PBXShellScriptBuildPhase;
			buildActionMask = 2147483647;
			files = (
			);
			inputPaths = (
				"${PODS_PODFILE_DIR_PATH}/Podfile.lock",
				"${PODS_ROOT}/Manifest.lock",
			);
			name = "[CP] Check Pods Manifest.lock";
			outputPaths = (
				"$(DERIVED_FILE_DIR)/Pods-MyFridgeUITests-checkManifestLockResult.txt",
			);
			runOnlyForDeploymentPostprocessing = 0;
			shellPath = /bin/sh;
			shellScript = "diff \"${PODS_PODFILE_DIR_PATH}/Podfile.lock\" \"${PODS_ROOT}/Manifest.lock\" > /dev/null\nif [ $? != 0 ] ; then\n    # print error to STDERR\n    echo \"error: The sandbox is not in sync with the Podfile.lock. Run 'pod install' or update your CocoaPods installation.\" >&2\n    exit 1\nfi\n# This output is used by Xcode 'outputs' to avoid re-running this script phase.\necho \"SUCCESS\" > \"${SCRIPT_OUTPUT_FILE_0}\"\n";
			showEnvVarsInLog = 0;
		};
		ADF008B228A8C17B6CA05B7B /* [CP] Check Pods Manifest.lock */ = {
			isa = PBXShellScriptBuildPhase;
			buildActionMask = 2147483647;
			files = (
			);
			inputPaths = (
				"${PODS_PODFILE_DIR_PATH}/Podfile.lock",
				"${PODS_ROOT}/Manifest.lock",
			);
			name = "[CP] Check Pods Manifest.lock";
			outputPaths = (
				"$(DERIVED_FILE_DIR)/Pods-MyFridgeTests-checkManifestLockResult.txt",
			);
			runOnlyForDeploymentPostprocessing = 0;
			shellPath = /bin/sh;
			shellScript = "diff \"${PODS_PODFILE_DIR_PATH}/Podfile.lock\" \"${PODS_ROOT}/Manifest.lock\" > /dev/null\nif [ $? != 0 ] ; then\n    # print error to STDERR\n    echo \"error: The sandbox is not in sync with the Podfile.lock. Run 'pod install' or update your CocoaPods installation.\" >&2\n    exit 1\nfi\n# This output is used by Xcode 'outputs' to avoid re-running this script phase.\necho \"SUCCESS\" > \"${SCRIPT_OUTPUT_FILE_0}\"\n";
			showEnvVarsInLog = 0;
		};
		FFD0A7F9996253D63060F622 /* [CP] Check Pods Manifest.lock */ = {
			isa = PBXShellScriptBuildPhase;
			buildActionMask = 2147483647;
			files = (
			);
			inputPaths = (
				"${PODS_PODFILE_DIR_PATH}/Podfile.lock",
				"${PODS_ROOT}/Manifest.lock",
			);
			name = "[CP] Check Pods Manifest.lock";
			outputPaths = (
				"$(DERIVED_FILE_DIR)/Pods-MyFridge-checkManifestLockResult.txt",
			);
			runOnlyForDeploymentPostprocessing = 0;
			shellPath = /bin/sh;
			shellScript = "diff \"${PODS_PODFILE_DIR_PATH}/Podfile.lock\" \"${PODS_ROOT}/Manifest.lock\" > /dev/null\nif [ $? != 0 ] ; then\n    # print error to STDERR\n    echo \"error: The sandbox is not in sync with the Podfile.lock. Run 'pod install' or update your CocoaPods installation.\" >&2\n    exit 1\nfi\n# This output is used by Xcode 'outputs' to avoid re-running this script phase.\necho \"SUCCESS\" > \"${SCRIPT_OUTPUT_FILE_0}\"\n";
			showEnvVarsInLog = 0;
		};
/* End PBXShellScriptBuildPhase section */

/* Begin PBXSourcesBuildPhase section */
		EF31DC7520C1D28100766767 /* Sources */ = {
			isa = PBXSourcesBuildPhase;
			buildActionMask = 2147483647;
			files = (
				EF31DCC520C1DD2E00766767 /* ScanBarcodeWorker.swift in Sources */,
				EF31DCC820C1DD2E00766767 /* ScanBarcodeViewController.swift in Sources */,
				EF31DCC620C1DD2E00766767 /* ScanBarcodeRouter.swift in Sources */,
				EF31DC7D20C1D28100766767 /* AppDelegate.swift in Sources */,
				EF31DCC420C1DD2E00766767 /* ScanBarcodePresenter.swift in Sources */,
				EF31DCC920C1DD2E00766767 /* ScanBarcodeInteractor.swift in Sources */,
				EF31DCC720C1DD2E00766767 /* ScanBarcodeModels.swift in Sources */,
			);
			runOnlyForDeploymentPostprocessing = 0;
		};
		EF31DC8920C1D28200766767 /* Sources */ = {
			isa = PBXSourcesBuildPhase;
			buildActionMask = 2147483647;
			files = (
				EF31DC9220C1D28200766767 /* MyFridgeTests.swift in Sources */,
			);
			runOnlyForDeploymentPostprocessing = 0;
		};
		EF31DC9420C1D28200766767 /* Sources */ = {
			isa = PBXSourcesBuildPhase;
			buildActionMask = 2147483647;
			files = (
				EF31DC9D20C1D28200766767 /* MyFridgeUITests.swift in Sources */,
			);
			runOnlyForDeploymentPostprocessing = 0;
		};
/* End PBXSourcesBuildPhase section */

/* Begin PBXTargetDependency section */
		EF31DC8F20C1D28200766767 /* PBXTargetDependency */ = {
			isa = PBXTargetDependency;
			target = EF31DC7820C1D28100766767 /* MyFridge */;
			targetProxy = EF31DC8E20C1D28200766767 /* PBXContainerItemProxy */;
		};
		EF31DC9A20C1D28200766767 /* PBXTargetDependency */ = {
			isa = PBXTargetDependency;
			target = EF31DC7820C1D28100766767 /* MyFridge */;
			targetProxy = EF31DC9920C1D28200766767 /* PBXContainerItemProxy */;
		};
/* End PBXTargetDependency section */

/* Begin PBXVariantGroup section */
		EF31DC8020C1D28100766767 /* Main.storyboard */ = {
			isa = PBXVariantGroup;
			children = (
				EF31DC8120C1D28100766767 /* Base */,
			);
			name = Main.storyboard;
			sourceTree = "<group>";
		};
		EF31DC8520C1D28200766767 /* LaunchScreen.storyboard */ = {
			isa = PBXVariantGroup;
			children = (
				EF31DC8620C1D28200766767 /* Base */,
			);
			name = LaunchScreen.storyboard;
			sourceTree = "<group>";
		};
/* End PBXVariantGroup section */

/* Begin XCBuildConfiguration section */
		EF31DC9F20C1D28200766767 /* Debug */ = {
			isa = XCBuildConfiguration;
			buildSettings = {
				ALWAYS_SEARCH_USER_PATHS = NO;
				CLANG_ANALYZER_NONNULL = YES;
				CLANG_ANALYZER_NUMBER_OBJECT_CONVERSION = YES_AGGRESSIVE;
				CLANG_CXX_LANGUAGE_STANDARD = "gnu++14";
				CLANG_CXX_LIBRARY = "libc++";
				CLANG_ENABLE_MODULES = YES;
				CLANG_ENABLE_OBJC_ARC = YES;
				CLANG_ENABLE_OBJC_WEAK = YES;
				CLANG_WARN_BLOCK_CAPTURE_AUTORELEASING = YES;
				CLANG_WARN_BOOL_CONVERSION = YES;
				CLANG_WARN_COMMA = YES;
				CLANG_WARN_CONSTANT_CONVERSION = YES;
				CLANG_WARN_DEPRECATED_OBJC_IMPLEMENTATIONS = YES;
				CLANG_WARN_DIRECT_OBJC_ISA_USAGE = YES_ERROR;
				CLANG_WARN_DOCUMENTATION_COMMENTS = YES;
				CLANG_WARN_EMPTY_BODY = YES;
				CLANG_WARN_ENUM_CONVERSION = YES;
				CLANG_WARN_INFINITE_RECURSION = YES;
				CLANG_WARN_INT_CONVERSION = YES;
				CLANG_WARN_NON_LITERAL_NULL_CONVERSION = YES;
				CLANG_WARN_OBJC_IMPLICIT_RETAIN_SELF = YES;
				CLANG_WARN_OBJC_LITERAL_CONVERSION = YES;
				CLANG_WARN_OBJC_ROOT_CLASS = YES_ERROR;
				CLANG_WARN_RANGE_LOOP_ANALYSIS = YES;
				CLANG_WARN_STRICT_PROTOTYPES = YES;
				CLANG_WARN_SUSPICIOUS_MOVE = YES;
				CLANG_WARN_UNGUARDED_AVAILABILITY = YES_AGGRESSIVE;
				CLANG_WARN_UNREACHABLE_CODE = YES;
				CLANG_WARN__DUPLICATE_METHOD_MATCH = YES;
				CODE_SIGN_IDENTITY = "iPhone Developer";
				COPY_PHASE_STRIP = NO;
				DEBUG_INFORMATION_FORMAT = dwarf;
				ENABLE_STRICT_OBJC_MSGSEND = YES;
				ENABLE_TESTABILITY = YES;
				GCC_C_LANGUAGE_STANDARD = gnu11;
				GCC_DYNAMIC_NO_PIC = NO;
				GCC_NO_COMMON_BLOCKS = YES;
				GCC_OPTIMIZATION_LEVEL = 0;
				GCC_PREPROCESSOR_DEFINITIONS = (
					"DEBUG=1",
					"$(inherited)",
				);
				GCC_WARN_64_TO_32_BIT_CONVERSION = YES;
				GCC_WARN_ABOUT_RETURN_TYPE = YES_ERROR;
				GCC_WARN_UNDECLARED_SELECTOR = YES;
				GCC_WARN_UNINITIALIZED_AUTOS = YES_AGGRESSIVE;
				GCC_WARN_UNUSED_FUNCTION = YES;
				GCC_WARN_UNUSED_VARIABLE = YES;
				IPHONEOS_DEPLOYMENT_TARGET = 11.4;
				MTL_ENABLE_DEBUG_INFO = YES;
				ONLY_ACTIVE_ARCH = YES;
				SDKROOT = iphoneos;
				SWIFT_ACTIVE_COMPILATION_CONDITIONS = DEBUG;
				SWIFT_OPTIMIZATION_LEVEL = "-Onone";
			};
			name = Debug;
		};
		EF31DCA020C1D28200766767 /* Release */ = {
			isa = XCBuildConfiguration;
			buildSettings = {
				ALWAYS_SEARCH_USER_PATHS = NO;
				CLANG_ANALYZER_NONNULL = YES;
				CLANG_ANALYZER_NUMBER_OBJECT_CONVERSION = YES_AGGRESSIVE;
				CLANG_CXX_LANGUAGE_STANDARD = "gnu++14";
				CLANG_CXX_LIBRARY = "libc++";
				CLANG_ENABLE_MODULES = YES;
				CLANG_ENABLE_OBJC_ARC = YES;
				CLANG_ENABLE_OBJC_WEAK = YES;
				CLANG_WARN_BLOCK_CAPTURE_AUTORELEASING = YES;
				CLANG_WARN_BOOL_CONVERSION = YES;
				CLANG_WARN_COMMA = YES;
				CLANG_WARN_CONSTANT_CONVERSION = YES;
				CLANG_WARN_DEPRECATED_OBJC_IMPLEMENTATIONS = YES;
				CLANG_WARN_DIRECT_OBJC_ISA_USAGE = YES_ERROR;
				CLANG_WARN_DOCUMENTATION_COMMENTS = YES;
				CLANG_WARN_EMPTY_BODY = YES;
				CLANG_WARN_ENUM_CONVERSION = YES;
				CLANG_WARN_INFINITE_RECURSION = YES;
				CLANG_WARN_INT_CONVERSION = YES;
				CLANG_WARN_NON_LITERAL_NULL_CONVERSION = YES;
				CLANG_WARN_OBJC_IMPLICIT_RETAIN_SELF = YES;
				CLANG_WARN_OBJC_LITERAL_CONVERSION = YES;
				CLANG_WARN_OBJC_ROOT_CLASS = YES_ERROR;
				CLANG_WARN_RANGE_LOOP_ANALYSIS = YES;
				CLANG_WARN_STRICT_PROTOTYPES = YES;
				CLANG_WARN_SUSPICIOUS_MOVE = YES;
				CLANG_WARN_UNGUARDED_AVAILABILITY = YES_AGGRESSIVE;
				CLANG_WARN_UNREACHABLE_CODE = YES;
				CLANG_WARN__DUPLICATE_METHOD_MATCH = YES;
				CODE_SIGN_IDENTITY = "iPhone Developer";
				COPY_PHASE_STRIP = NO;
				DEBUG_INFORMATION_FORMAT = "dwarf-with-dsym";
				ENABLE_NS_ASSERTIONS = NO;
				ENABLE_STRICT_OBJC_MSGSEND = YES;
				GCC_C_LANGUAGE_STANDARD = gnu11;
				GCC_NO_COMMON_BLOCKS = YES;
				GCC_WARN_64_TO_32_BIT_CONVERSION = YES;
				GCC_WARN_ABOUT_RETURN_TYPE = YES_ERROR;
				GCC_WARN_UNDECLARED_SELECTOR = YES;
				GCC_WARN_UNINITIALIZED_AUTOS = YES_AGGRESSIVE;
				GCC_WARN_UNUSED_FUNCTION = YES;
				GCC_WARN_UNUSED_VARIABLE = YES;
				IPHONEOS_DEPLOYMENT_TARGET = 11.4;
				MTL_ENABLE_DEBUG_INFO = NO;
				SDKROOT = iphoneos;
				SWIFT_COMPILATION_MODE = wholemodule;
				SWIFT_OPTIMIZATION_LEVEL = "-O";
				VALIDATE_PRODUCT = YES;
			};
			name = Release;
		};
		EF31DCA220C1D28200766767 /* Debug */ = {
			isa = XCBuildConfiguration;
			baseConfigurationReference = E74C798251D242392EF3BB6D /* Pods-MyFridge.debug.xcconfig */;
			buildSettings = {
				ASSETCATALOG_COMPILER_APPICON_NAME = AppIcon;
				CODE_SIGN_IDENTITY = "iPhone Developer: Lars Dahl (57L654T6F2)";
				CODE_SIGN_STYLE = Manual;
				DEVELOPMENT_TEAM = 66MN98BXY6;
				INFOPLIST_FILE = MyFridge/Info.plist;
				IPHONEOS_DEPLOYMENT_TARGET = 11.1;
				LD_RUNPATH_SEARCH_PATHS = (
					"$(inherited)",
					"@executable_path/Frameworks",
				);
				PRODUCT_BUNDLE_IDENTIFIER = com.ledahl.app.myfridge.ios;
				PRODUCT_NAME = "$(TARGET_NAME)";
				PROVISIONING_PROFILE = "461d4c65-98d8-469f-b6fb-4718e3bc2251";
				PROVISIONING_PROFILE_SPECIFIER = "MyFridge Dev";
				SWIFT_VERSION = 4.0;
				TARGETED_DEVICE_FAMILY = 1;
			};
			name = Debug;
		};
		EF31DCA320C1D28200766767 /* Release */ = {
			isa = XCBuildConfiguration;
			baseConfigurationReference = 492902BFF89FE76DF49B49BA /* Pods-MyFridge.release.xcconfig */;
			buildSettings = {
				ASSETCATALOG_COMPILER_APPICON_NAME = AppIcon;
				CODE_SIGN_IDENTITY = "iPhone Developer: Lars Dahl (57L654T6F2)";
				CODE_SIGN_STYLE = Manual;
				DEVELOPMENT_TEAM = 66MN98BXY6;
				INFOPLIST_FILE = MyFridge/Info.plist;
				IPHONEOS_DEPLOYMENT_TARGET = 11.1;
				LD_RUNPATH_SEARCH_PATHS = (
					"$(inherited)",
					"@executable_path/Frameworks",
				);
				PRODUCT_BUNDLE_IDENTIFIER = com.ledahl.app.myfridge.ios;
				PRODUCT_NAME = "$(TARGET_NAME)";
				PROVISIONING_PROFILE_SPECIFIER = "";
				SWIFT_VERSION = 4.0;
				TARGETED_DEVICE_FAMILY = 1;
			};
			name = Release;
		};
		EF31DCA520C1D28200766767 /* Debug */ = {
			isa = XCBuildConfiguration;
			baseConfigurationReference = 9A41228F31AC6E6622D853F6 /* Pods-MyFridgeTests.debug.xcconfig */;
			buildSettings = {
				ALWAYS_EMBED_SWIFT_STANDARD_LIBRARIES = YES;
				BUNDLE_LOADER = "$(TEST_HOST)";
				CODE_SIGN_STYLE = Automatic;
				DEVELOPMENT_TEAM = WS22463T7X;
				INFOPLIST_FILE = MyFridgeTests/Info.plist;
				LD_RUNPATH_SEARCH_PATHS = (
					"$(inherited)",
					"@executable_path/Frameworks",
					"@loader_path/Frameworks",
				);
				PRODUCT_BUNDLE_IDENTIFIER = com.ledahl.app.MyFridgeTests;
				PRODUCT_NAME = "$(TARGET_NAME)";
				SWIFT_VERSION = 4.0;
				TARGETED_DEVICE_FAMILY = "1,2";
				TEST_HOST = "$(BUILT_PRODUCTS_DIR)/MyFridge.app/MyFridge";
			};
			name = Debug;
		};
		EF31DCA620C1D28200766767 /* Release */ = {
			isa = XCBuildConfiguration;
			baseConfigurationReference = 0D0D2945A420354514D041A2 /* Pods-MyFridgeTests.release.xcconfig */;
			buildSettings = {
				ALWAYS_EMBED_SWIFT_STANDARD_LIBRARIES = YES;
				BUNDLE_LOADER = "$(TEST_HOST)";
				CODE_SIGN_STYLE = Automatic;
				DEVELOPMENT_TEAM = WS22463T7X;
				INFOPLIST_FILE = MyFridgeTests/Info.plist;
				LD_RUNPATH_SEARCH_PATHS = (
					"$(inherited)",
					"@executable_path/Frameworks",
					"@loader_path/Frameworks",
				);
				PRODUCT_BUNDLE_IDENTIFIER = com.ledahl.app.MyFridgeTests;
				PRODUCT_NAME = "$(TARGET_NAME)";
				SWIFT_VERSION = 4.0;
				TARGETED_DEVICE_FAMILY = "1,2";
				TEST_HOST = "$(BUILT_PRODUCTS_DIR)/MyFridge.app/MyFridge";
			};
			name = Release;
		};
		EF31DCA820C1D28200766767 /* Debug */ = {
			isa = XCBuildConfiguration;
			baseConfigurationReference = 46208F05F2545EB333D0BD15 /* Pods-MyFridgeUITests.debug.xcconfig */;
			buildSettings = {
				ALWAYS_EMBED_SWIFT_STANDARD_LIBRARIES = YES;
				CODE_SIGN_STYLE = Automatic;
				DEVELOPMENT_TEAM = WS22463T7X;
				INFOPLIST_FILE = MyFridgeUITests/Info.plist;
				LD_RUNPATH_SEARCH_PATHS = (
					"$(inherited)",
					"@executable_path/Frameworks",
					"@loader_path/Frameworks",
				);
				PRODUCT_BUNDLE_IDENTIFIER = com.ledahl.app.MyFridgeUITests;
				PRODUCT_NAME = "$(TARGET_NAME)";
				SWIFT_VERSION = 4.0;
				TARGETED_DEVICE_FAMILY = "1,2";
				TEST_TARGET_NAME = MyFridge;
			};
			name = Debug;
		};
		EF31DCA920C1D28200766767 /* Release */ = {
			isa = XCBuildConfiguration;
			baseConfigurationReference = 4DAD4482582A02ECCB986B56 /* Pods-MyFridgeUITests.release.xcconfig */;
			buildSettings = {
				ALWAYS_EMBED_SWIFT_STANDARD_LIBRARIES = YES;
				CODE_SIGN_STYLE = Automatic;
				DEVELOPMENT_TEAM = WS22463T7X;
				INFOPLIST_FILE = MyFridgeUITests/Info.plist;
				LD_RUNPATH_SEARCH_PATHS = (
					"$(inherited)",
					"@executable_path/Frameworks",
					"@loader_path/Frameworks",
				);
				PRODUCT_BUNDLE_IDENTIFIER = com.ledahl.app.MyFridgeUITests;
				PRODUCT_NAME = "$(TARGET_NAME)";
				SWIFT_VERSION = 4.0;
				TARGETED_DEVICE_FAMILY = "1,2";
				TEST_TARGET_NAME = MyFridge;
			};
			name = Release;
		};
/* End XCBuildConfiguration section */

/* Begin XCConfigurationList section */
		EF31DC7420C1D28100766767 /* Build configuration list for PBXProject "MyFridge" */ = {
			isa = XCConfigurationList;
			buildConfigurations = (
				EF31DC9F20C1D28200766767 /* Debug */,
				EF31DCA020C1D28200766767 /* Release */,
			);
			defaultConfigurationIsVisible = 0;
			defaultConfigurationName = Release;
		};
		EF31DCA120C1D28200766767 /* Build configuration list for PBXNativeTarget "MyFridge" */ = {
			isa = XCConfigurationList;
			buildConfigurations = (
				EF31DCA220C1D28200766767 /* Debug */,
				EF31DCA320C1D28200766767 /* Release */,
			);
			defaultConfigurationIsVisible = 0;
			defaultConfigurationName = Release;
		};
		EF31DCA420C1D28200766767 /* Build configuration list for PBXNativeTarget "MyFridgeTests" */ = {
			isa = XCConfigurationList;
			buildConfigurations = (
				EF31DCA520C1D28200766767 /* Debug */,
				EF31DCA620C1D28200766767 /* Release */,
			);
			defaultConfigurationIsVisible = 0;
			defaultConfigurationName = Release;
		};
		EF31DCA720C1D28200766767 /* Build configuration list for PBXNativeTarget "MyFridgeUITests" */ = {
			isa = XCConfigurationList;
			buildConfigurations = (
				EF31DCA820C1D28200766767 /* Debug */,
				EF31DCA920C1D28200766767 /* Release */,
			);
			defaultConfigurationIsVisible = 0;
			defaultConfigurationName = Release;
		};
/* End XCConfigurationList section */
	};
	rootObject = EF31DC7120C1D28100766767 /* Project object */;
}
